
Microsoft Visual Studio Solution File, Format Version 12.00
# Visual Studio 15
Project("{FAE04EC0-301F-11D3-BF4B-00C04F79EFBC}") = "Unity.RenderPipelines.Core.Runtime", "Unity.RenderPipelines.Core.Runtime.csproj", "{50030A69-EA25-998C-F986-BE9EB8A80931}"
EndProject
Project("{FAE04EC0-301F-11D3-BF4B-00C04F79EFBC}") = "UnityEngine.TestRunner", "UnityEngine.TestRunner.csproj", "{6D3AF74D-56C9-92E4-CB0F-2B0E588FA2FC}"
EndProject
Project("{FAE04EC0-301F-11D3-BF4B-00C04F79EFBC}") = "Unity.Mathematics", "Unity.Mathematics.csproj", "{C93FF45F-5151-6EF9-98B3-6768EA4D1076}"
EndProject
Project("{FAE04EC0-301F-11D3-BF4B-00C04F79EFBC}") = "MoreMountains.Feedbacks", "MoreMountains.Feedbacks.csproj", "{59119A00-866B-1AD2-5090-63FBEE11E9D0}"
EndProject
Project("{FAE04EC0-301F-11D3-BF4B-00C04F79EFBC}") = "MoreMountains.CorgiEngine", "MoreMountains.CorgiEngine.csproj", "{FAB3B4E0-D681-F35D-9ECD-C33D5E329DB2}"
EndProject
Project("{FAE04EC0-301F-11D3-BF4B-00C04F79EFBC}") = "UnityEngine.UI", "UnityEngine.UI.csproj", "{41E7C1BE-2CF4-F6B4-BF96-4E15AF3A8536}"
EndProject
Project("{FAE04EC0-301F-11D3-BF4B-00C04F79EFBC}") = "Unity.RenderPipelines.Universal.Runtime", "Unity.RenderPipelines.Universal.Runtime.csproj", "{F62E61E8-DF1D-D714-B040-AC3B77582F67}"
EndProject
Project("{FAE04EC0-301F-11D3-BF4B-00C04F79EFBC}") = "MoreMountains.InventoryEngine", "MoreMountains.InventoryEngine.csproj", "{9853B985-EF9D-AE1F-AC01-4F175C97F8EF}"
EndProject
Project("{FAE04EC0-301F-11D3-BF4B-00C04F79EFBC}") = "MoreMountains.Tools", "MoreMountains.Tools.csproj", "{696B4431-B9DB-5171-5DBC-FC200B355C1C}"
EndProject
Project("{FAE04EC0-301F-11D3-BF4B-00C04F79EFBC}") = "Unity.TextMeshPro", "Unity.TextMeshPro.csproj", "{66284A28-580B-3F60-1F13-F7268924ABB8}"
EndProject
Project("{FAE04EC0-301F-11D3-BF4B-00C04F79EFBC}") = "Cinemachine", "Cinemachine.csproj", "{4A722FB5-1BF9-4F73-5C9E-D015DE53926D}"
EndProject
Project("{FAE04EC0-301F-11D3-BF4B-00C04F79EFBC}") = "Unity.Timeline", "Unity.Timeline.csproj", "{3A04AD80-9CE0-892B-2D7F-1338993CD387}"
EndProject
Project("{FAE04EC0-301F-11D3-BF4B-00C04F79EFBC}") = "MoreMountains.Feedbacks.PostProcessing", "MoreMountains.Feedbacks.PostProcessing.csproj", "{48DE78AE-FB74-D3F9-E5BF-6EDCA929BC1B}"
EndProject
Project("{FAE04EC0-301F-11D3-BF4B-00C04F79EFBC}") = "Assembly-CSharp", "Assembly-CSharp.csproj", "{923C3B47-A9A4-C8AA-1343-3DF6A1F976C9}"
EndProject
Project("{FAE04EC0-301F-11D3-BF4B-00C04F79EFBC}") = "Unity.Postprocessing.Runtime", "Unity.Postprocessing.Runtime.csproj", "{44751F1A-3826-63FE-D864-D632E94EA196}"
EndProject
Project("{FAE04EC0-301F-11D3-BF4B-00C04F79EFBC}") = "MoreMountains.Feedbacks.MMTools", "MoreMountains.Feedbacks.MMTools.csproj", "{D0D11734-9802-651C-46B3-22DFC10AA881}"
EndProject
Project("{FAE04EC0-301F-11D3-BF4B-00C04F79EFBC}") = "MoreMountains.Feedbacks.TextMeshPro", "MoreMountains.Feedbacks.TextMeshPro.csproj", "{68B4E32B-EFB3-D3F7-B8CC-3A5E4DFA91F2}"
EndProject
Project("{FAE04EC0-301F-11D3-BF4B-00C04F79EFBC}") = "MoreMountains.Feedbacks.URP", "MoreMountains.Feedbacks.URP.csproj", "{76D62717-0EE2-4A93-92FE-CE85E9415BA8}"
EndProject
Project("{FAE04EC0-301F-11D3-BF4B-00C04F79EFBC}") = "MoreMountains.Feedbacks.Cinemachine", "MoreMountains.Feedbacks.Cinemachine.csproj", "{FE52B4C6-D77F-0E27-830B-FE123C66FD23}"
EndProject
Project("{FAE04EC0-301F-11D3-BF4B-00C04F79EFBC}") = "MoreMountains.Interface", "MoreMountains.Interface.csproj", "{D648D068-AEF0-9135-9703-60076CCE2E56}"
EndProject
Project("{FAE04EC0-301F-11D3-BF4B-00C04F79EFBC}") = "MoreMountains.CorgiEngine.Cinemachine", "MoreMountains.CorgiEngine.Cinemachine.csproj", "{03E7F08A-8A82-28AA-0C2D-BCC2561DE946}"
EndProject
Project("{FAE04EC0-301F-11D3-BF4B-00C04F79EFBC}") = "MoreMountains.Tools.Feedbacks", "MoreMountains.Tools.Feedbacks.csproj", "{FD4A3ADC-86A4-D253-2E6D-C9F8CFA8EF21}"
EndProject
Project("{FAE04EC0-301F-11D3-BF4B-00C04F79EFBC}") = "MoreMountains.InventoryEngine.Demos", "MoreMountains.InventoryEngine.Demos.csproj", "{6F8D88F8-BE8F-3E44-B299-773CA3F0FC85}"
EndProject
Project("{FAE04EC0-301F-11D3-BF4B-00C04F79EFBC}") = "Unity.2D.PixelPerfect", "Unity.2D.PixelPerfect.csproj", "{4EF2D96F-E899-3718-5348-32268900E292}"
EndProject
Project("{FAE04EC0-301F-11D3-BF4B-00C04F79EFBC}") = "MoreMountains.CorgiEngine.Demos", "MoreMountains.CorgiEngine.Demos.csproj", "{91DDB173-2300-5CFB-A052-44C79F7BD845}"
EndProject
Project("{FAE04EC0-301F-11D3-BF4B-00C04F79EFBC}") = "MoreMountains.Tools.Cinemachine", "MoreMountains.Tools.Cinemachine.csproj", "{D96C7192-0D39-6F75-33CB-4CEE881DEB39}"
EndProject
Project("{FAE04EC0-301F-11D3-BF4B-00C04F79EFBC}") = "Unity.RenderPipelines.Core.ShaderLibrary", "Unity.RenderPipelines.Core.ShaderLibrary.csproj", "{DE147310-4374-957B-1675-21AD72C9AA05}"
EndProject
Project("{FAE04EC0-301F-11D3-BF4B-00C04F79EFBC}") = "Unity.RenderPipeline.Universal.ShaderLibrary", "Unity.RenderPipeline.Universal.ShaderLibrary.csproj", "{7CDC38BD-E28E-A409-F561-62A8B9AF2B29}"
EndProject
Project("{FAE04EC0-301F-11D3-BF4B-00C04F79EFBC}") = "MoreMountains.Tools.TextMeshPro", "MoreMountains.Tools.TextMeshPro.csproj", "{4C867838-0B90-8F04-211B-32AE27B33D00}"
EndProject
Project("{FAE04EC0-301F-11D3-BF4B-00C04F79EFBC}") = "Unity.RenderPipelines.Universal.Shaders", "Unity.RenderPipelines.Universal.Shaders.csproj", "{D215D3FB-5521-ED85-CD7C-CDA6E2579227}"
EndProject
Project("{FAE04EC0-301F-11D3-BF4B-00C04F79EFBC}") = "Unity.RenderPipelines.ShaderGraph.ShaderGraphLibrary", "Unity.RenderPipelines.ShaderGraph.ShaderGraphLibrary.csproj", "{70979854-18C2-550C-D1BE-74A31301D712}"
EndProject
Project("{FAE04EC0-301F-11D3-BF4B-00C04F79EFBC}") = "MoreMountains.Tools.Editor", "MoreMountains.Tools.Editor.csproj", "{D2ED1F92-BC14-719C-92B6-58F70C3BBE35}"
EndProject
Project("{FAE04EC0-301F-11D3-BF4B-00C04F79EFBC}") = "Unity.PlasticSCM.Editor", "Unity.PlasticSCM.Editor.csproj", "{4FD347E7-CB53-B623-B0AF-0B586B66EBF6}"
EndProject
Project("{FAE04EC0-301F-11D3-BF4B-00C04F79EFBC}") = "Unity.ShaderGraph.Editor", "Unity.ShaderGraph.Editor.csproj", "{A49F0E26-B733-A426-C293-47E53A72D00F}"
EndProject
Project("{FAE04EC0-301F-11D3-BF4B-00C04F79EFBC}") = "Unity.VisualStudio.Editor", "Unity.VisualStudio.Editor.csproj", "{97425F4D-993F-EB23-2AE2-49733167CDC8}"
EndProject
Project("{FAE04EC0-301F-11D3-BF4B-00C04F79EFBC}") = "Unity.Timeline.Editor", "Unity.Timeline.Editor.csproj", "{059DBEC0-9CEE-3067-547D-67AD74968033}"
EndProject
Project("{FAE04EC0-301F-11D3-BF4B-00C04F79EFBC}") = "com.unity.cinemachine.editor", "com.unity.cinemachine.editor.csproj", "{A070936F-54A1-CA83-8AB0-725D01E38C62}"
EndProject
Project("{FAE04EC0-301F-11D3-BF4B-00C04F79EFBC}") = "Unity.TextMeshPro.Editor", "Unity.TextMeshPro.Editor.csproj", "{EAFC5536-F1FE-9AF4-A8BE-2D044BF2DE8D}"
EndProject
Project("{FAE04EC0-301F-11D3-BF4B-00C04F79EFBC}") = "MoreMountains.InventoryEngine.Editor", "MoreMountains.InventoryEngine.Editor.csproj", "{1071CD01-C5F4-E7B5-8723-6BDC27A65757}"
EndProject
Project("{FAE04EC0-301F-11D3-BF4B-00C04F79EFBC}") = "Unity.CollabProxy.Editor", "Unity.CollabProxy.Editor.csproj", "{9035E00D-93A8-FC98-0E3F-EE49724F68A8}"
EndProject
Project("{FAE04EC0-301F-11D3-BF4B-00C04F79EFBC}") = "Unity.Postprocessing.Editor", "Unity.Postprocessing.Editor.csproj", "{EB187998-E881-DB41-261D-F55B5FC575C5}"
EndProject
Project("{FAE04EC0-301F-11D3-BF4B-00C04F79EFBC}") = "UnityEditor.TestRunner", "UnityEditor.TestRunner.csproj", "{BC4F88D4-60E8-6F81-A5F0-34E766752F74}"
EndProject
Project("{FAE04EC0-301F-11D3-BF4B-00C04F79EFBC}") = "Unity.Rider.Editor", "Unity.Rider.Editor.csproj", "{910605D3-2774-2D5F-B0D8-C7E0F6522900}"
EndProject
Project("{FAE04EC0-301F-11D3-BF4B-00C04F79EFBC}") = "Unity.RenderPipelines.Universal.Editor", "Unity.RenderPipelines.Universal.Editor.csproj", "{AAE38E2F-46BD-8368-9BC5-3B06BB79BD0D}"
EndProject
Project("{FAE04EC0-301F-11D3-BF4B-00C04F79EFBC}") = "Unity.RenderPipelines.Core.Editor", "Unity.RenderPipelines.Core.Editor.csproj", "{BEFD4485-D7B6-2E8E-7003-2578846C6B1D}"
EndProject
Project("{FAE04EC0-301F-11D3-BF4B-00C04F79EFBC}") = "Unity.Searcher.Editor", "Unity.Searcher.Editor.csproj", "{0DEA3960-9DBD-7BB1-413A-1DF5083FA10C}"
EndProject
Project("{FAE04EC0-301F-11D3-BF4B-00C04F79EFBC}") = "MoreMountains.Feedbacks.Editor", "MoreMountains.Feedbacks.Editor.csproj", "{C4031FA2-C4BE-BFB7-4DDD-33FA1A0CEB4B}"
EndProject
Project("{FAE04EC0-301F-11D3-BF4B-00C04F79EFBC}") = "Unity.2D.Tilemap.Editor", "Unity.2D.Tilemap.Editor.csproj", "{495DCCD5-3BBB-8B34-EA36-45C7C1DF6AEA}"
EndProject
Project("{FAE04EC0-301F-11D3-BF4B-00C04F79EFBC}") = "Unity.2D.PixelPerfect.Editor", "Unity.2D.PixelPerfect.Editor.csproj", "{D151AEC2-8260-CBD4-619C-E3C49FACFD33}"
EndProject
Project("{FAE04EC0-301F-11D3-BF4B-00C04F79EFBC}") = "Unity.VSCode.Editor", "Unity.VSCode.Editor.csproj", "{58F506CE-4DC3-335D-87A0-FA23A6DE9165}"
EndProject
Project("{FAE04EC0-301F-11D3-BF4B-00C04F79EFBC}") = "Unity.2D.Sprite.Editor", "Unity.2D.Sprite.Editor.csproj", "{EACCB2C6-BB76-D40E-1F47-493B1B673CD9}"
EndProject
Project("{FAE04EC0-301F-11D3-BF4B-00C04F79EFBC}") = "UnityEditor.UI", "UnityEditor.UI.csproj", "{0CB6F50E-2EFE-4B0B-E9BB-7E6CD1603B51}"
EndProject
Project("{FAE04EC0-301F-11D3-BF4B-00C04F79EFBC}") = "MoreMountains.CorgiEngine.Editor", "MoreMountains.CorgiEngine.Editor.csproj", "{9C95E466-B7DA-3F31-09FF-117E879ABB7D}"
EndProject
Project("{FAE04EC0-301F-11D3-BF4B-00C04F79EFBC}") = "Unity.Mathematics.Editor", "Unity.Mathematics.Editor.csproj", "{E1D414D8-C697-21AF-491E-29E13DBDEE93}"
EndProject
Project("{FAE04EC0-301F-11D3-BF4B-00C04F79EFBC}") = "MoreMountains.Tools.Feedbacks.Editor", "MoreMountains.Tools.Feedbacks.Editor.csproj", "{2EE89543-47A1-B328-C2A3-642EDEEA2956}"
EndProject
Project("{FAE04EC0-301F-11D3-BF4B-00C04F79EFBC}") = "MoreMountains.CorgiEngine.Demos.Editor", "MoreMountains.CorgiEngine.Demos.Editor.csproj", "{E92B36CF-E490-F0CD-B84F-5336D0972A0E}"
EndProject
Project("{FAE04EC0-301F-11D3-BF4B-00C04F79EFBC}") = "Assembly-CSharp-Editor", "Assembly-CSharp-Editor.csproj", "{4D2824BE-8476-18D0-A115-3603363870F4}"
EndProject
Project("{FAE04EC0-301F-11D3-BF4B-00C04F79EFBC}") = "Unity.ShaderGraph.Utilities", "Unity.ShaderGraph.Utilities.csproj", "{CC89E3FF-1AF8-EF6E-3DE8-68C58DF209D0}"
EndProject
Project("{FAE04EC0-301F-11D3-BF4B-00C04F79EFBC}") = "MoreMountains.CorgiEngine.Cinemachine.Editor", "MoreMountains.CorgiEngine.Cinemachine.Editor.csproj", "{9DAD4470-B69D-FCFB-6AD3-A4784EEE2DA5}"
EndProject
Project("{FAE04EC0-301F-11D3-BF4B-00C04F79EFBC}") = "MoreMountains.Interface.Editor", "MoreMountains.Interface.Editor.csproj", "{30FF258D-FE38-3FD2-B0A4-1F2A502114BC}"
EndProject
Project("{FAE04EC0-301F-11D3-BF4B-00C04F79EFBC}") = "Unity.RenderPipelines.Core.Runtime", "Unity.RenderPipelines.Core.Runtime.Player.csproj", "{0F0BD51A-94BB-8C17-59CE-A9C665B99C7C}"
EndProject
Project("{FAE04EC0-301F-11D3-BF4B-00C04F79EFBC}") = "UnityEngine.TestRunner", "UnityEngine.TestRunner.Player.csproj", "{D6F41764-EC12-5CAB-7EA3-8ED979DA9870}"
EndProject
Project("{FAE04EC0-301F-11D3-BF4B-00C04F79EFBC}") = "Unity.Mathematics", "Unity.Mathematics.Player.csproj", "{CF6112DE-8D34-EB33-CFBA-224C43586632}"
EndProject
Project("{FAE04EC0-301F-11D3-BF4B-00C04F79EFBC}") = "MoreMountains.Feedbacks", "MoreMountains.Feedbacks.Player.csproj", "{30BD515A-A6E4-514D-4009-8AD75E165E48}"
EndProject
Project("{FAE04EC0-301F-11D3-BF4B-00C04F79EFBC}") = "MoreMountains.CorgiEngine", "MoreMountains.CorgiEngine.Player.csproj", "{023F62B0-C71A-E813-A08D-F8500F7CA7AE}"
EndProject
Project("{FAE04EC0-301F-11D3-BF4B-00C04F79EFBC}") = "UnityEngine.UI", "UnityEngine.UI.Player.csproj", "{560A25A5-620B-3961-B195-A5158580CE43}"
EndProject
Project("{FAE04EC0-301F-11D3-BF4B-00C04F79EFBC}") = "Unity.RenderPipelines.Universal.Runtime", "Unity.RenderPipelines.Universal.Runtime.Player.csproj", "{A8E7846C-5709-8487-5F0D-57943A830AA5}"
EndProject
Project("{FAE04EC0-301F-11D3-BF4B-00C04F79EFBC}") = "MoreMountains.InventoryEngine", "MoreMountains.InventoryEngine.Player.csproj", "{412D1DD5-8320-E661-075D-A5F3ADE00853}"
EndProject
Project("{FAE04EC0-301F-11D3-BF4B-00C04F79EFBC}") = "MoreMountains.Tools", "MoreMountains.Tools.Player.csproj", "{41BBFA95-2956-F0B9-7E00-7EF6762EED95}"
EndProject
Project("{FAE04EC0-301F-11D3-BF4B-00C04F79EFBC}") = "Unity.TextMeshPro", "Unity.TextMeshPro.Player.csproj", "{080AC53E-E9B3-EBA6-6022-8F281035CAAF}"
EndProject
Project("{FAE04EC0-301F-11D3-BF4B-00C04F79EFBC}") = "Cinemachine", "Cinemachine.Player.csproj", "{226CD053-9BAE-C838-EC2B-E3198CD7E966}"
EndProject
Project("{FAE04EC0-301F-11D3-BF4B-00C04F79EFBC}") = "Unity.Timeline", "Unity.Timeline.Player.csproj", "{BBE90A1E-E3E3-F9C4-C7FE-679BC11CCF6A}"
EndProject
Project("{FAE04EC0-301F-11D3-BF4B-00C04F79EFBC}") = "MoreMountains.Feedbacks.PostProcessing", "MoreMountains.Feedbacks.PostProcessing.Player.csproj", "{DCFAF32C-3E20-2F58-0A25-2D482E0F729D}"
EndProject
Project("{FAE04EC0-301F-11D3-BF4B-00C04F79EFBC}") = "Assembly-CSharp", "Assembly-CSharp.Player.csproj", "{2221EEE7-7AB3-002B-C13E-6606D94D203F}"
EndProject
Project("{FAE04EC0-301F-11D3-BF4B-00C04F79EFBC}") = "Unity.Postprocessing.Runtime", "Unity.Postprocessing.Runtime.Player.csproj", "{A7FBEE6E-F37E-3912-8E9F-ED8BE2779461}"
EndProject
Project("{FAE04EC0-301F-11D3-BF4B-00C04F79EFBC}") = "MoreMountains.Feedbacks.MMTools", "MoreMountains.Feedbacks.MMTools.Player.csproj", "{9FB3F264-20C9-F514-FE23-066197A0A8AA}"
EndProject
Project("{FAE04EC0-301F-11D3-BF4B-00C04F79EFBC}") = "MoreMountains.Feedbacks.TextMeshPro", "MoreMountains.Feedbacks.TextMeshPro.Player.csproj", "{A481F7B7-2A86-F2E7-D5C2-62FD03E137AB}"
EndProject
Project("{FAE04EC0-301F-11D3-BF4B-00C04F79EFBC}") = "MoreMountains.Feedbacks.URP", "MoreMountains.Feedbacks.URP.Player.csproj", "{4EC34515-0432-6F74-E079-3F279852BFBA}"
EndProject
Project("{FAE04EC0-301F-11D3-BF4B-00C04F79EFBC}") = "MoreMountains.Feedbacks.Cinemachine", "MoreMountains.Feedbacks.Cinemachine.Player.csproj", "{368B8FF8-5B80-C432-1FF1-FEE56DC3079F}"
EndProject
Project("{FAE04EC0-301F-11D3-BF4B-00C04F79EFBC}") = "MoreMountains.Interface", "MoreMountains.Interface.Player.csproj", "{0122E68B-DAEF-9FC2-A756-680A3FBAFB1E}"
EndProject
Project("{FAE04EC0-301F-11D3-BF4B-00C04F79EFBC}") = "MoreMountains.CorgiEngine.Cinemachine", "MoreMountains.CorgiEngine.Cinemachine.Player.csproj", "{2DB60058-1040-89CF-1243-0F21683FCE0F}"
EndProject
Project("{FAE04EC0-301F-11D3-BF4B-00C04F79EFBC}") = "MoreMountains.Tools.Feedbacks", "MoreMountains.Tools.Feedbacks.Player.csproj", "{CC421FB8-9AB0-C9B7-404F-B5A073C06594}"
EndProject
Project("{FAE04EC0-301F-11D3-BF4B-00C04F79EFBC}") = "MoreMountains.InventoryEngine.Demos", "MoreMountains.InventoryEngine.Demos.Player.csproj", "{A847C2D3-D325-442B-9771-3FA87321D73A}"
EndProject
Project("{FAE04EC0-301F-11D3-BF4B-00C04F79EFBC}") = "Unity.2D.PixelPerfect", "Unity.2D.PixelPerfect.Player.csproj", "{A6E96F1E-9F2A-6D40-8829-7B76741A323E}"
EndProject
Project("{FAE04EC0-301F-11D3-BF4B-00C04F79EFBC}") = "MoreMountains.CorgiEngine.Demos", "MoreMountains.CorgiEngine.Demos.Player.csproj", "{005994DC-D286-2C84-C3AC-116A8629689A}"
EndProject
Project("{FAE04EC0-301F-11D3-BF4B-00C04F79EFBC}") = "MoreMountains.Tools.Cinemachine", "MoreMountains.Tools.Cinemachine.Player.csproj", "{7D6590B4-7DD3-FA69-623D-F5D8DA44A255}"
EndProject
Project("{FAE04EC0-301F-11D3-BF4B-00C04F79EFBC}") = "Unity.RenderPipelines.Core.ShaderLibrary", "Unity.RenderPipelines.Core.ShaderLibrary.Player.csproj", "{FE09722A-2D19-50D1-6665-B0963CA97AD7}"
EndProject
Project("{FAE04EC0-301F-11D3-BF4B-00C04F79EFBC}") = "Unity.RenderPipeline.Universal.ShaderLibrary", "Unity.RenderPipeline.Universal.ShaderLibrary.Player.csproj", "{58762A0E-B985-4185-3C2D-F401EE525982}"
EndProject
Project("{FAE04EC0-301F-11D3-BF4B-00C04F79EFBC}") = "MoreMountains.Tools.TextMeshPro", "MoreMountains.Tools.TextMeshPro.Player.csproj", "{276BCF2B-8CBA-0202-9416-1F47175F9224}"
EndProject
Project("{FAE04EC0-301F-11D3-BF4B-00C04F79EFBC}") = "Unity.RenderPipelines.Universal.Shaders", "Unity.RenderPipelines.Universal.Shaders.Player.csproj", "{3303351A-5165-65DE-8CC8-BE8944C0970E}"
EndProject
Project("{FAE04EC0-301F-11D3-BF4B-00C04F79EFBC}") = "Unity.RenderPipelines.ShaderGraph.ShaderGraphLibrary", "Unity.RenderPipelines.ShaderGraph.ShaderGraphLibrary.Player.csproj", "{82A9E607-DF9D-9758-C564-03DFB0AA03BA}"
EndProject
Global
	GlobalSection(SolutionConfigurationPlatforms) = preSolution
		Debug|Any CPU = Debug|Any CPU
		Release|Any CPU = Release|Any CPU
	EndGlobalSection
	GlobalSection(ProjectConfigurationPlatforms) = postSolution
		{50030A69-EA25-998C-F986-BE9EB8A80931}.Debug|Any CPU.ActiveCfg = Debug|Any CPU
		{50030A69-EA25-998C-F986-BE9EB8A80931}.Debug|Any CPU.Build.0 = Debug|Any CPU
		{50030A69-EA25-998C-F986-BE9EB8A80931}.Release|Any CPU.ActiveCfg = Release|Any CPU
		{50030A69-EA25-998C-F986-BE9EB8A80931}.Release|Any CPU.Build.0 = Release|Any CPU
		{6D3AF74D-56C9-92E4-CB0F-2B0E588FA2FC}.Debug|Any CPU.ActiveCfg = Debug|Any CPU
		{6D3AF74D-56C9-92E4-CB0F-2B0E588FA2FC}.Debug|Any CPU.Build.0 = Debug|Any CPU
		{6D3AF74D-56C9-92E4-CB0F-2B0E588FA2FC}.Release|Any CPU.ActiveCfg = Release|Any CPU
		{6D3AF74D-56C9-92E4-CB0F-2B0E588FA2FC}.Release|Any CPU.Build.0 = Release|Any CPU
		{C93FF45F-5151-6EF9-98B3-6768EA4D1076}.Debug|Any CPU.ActiveCfg = Debug|Any CPU
		{C93FF45F-5151-6EF9-98B3-6768EA4D1076}.Debug|Any CPU.Build.0 = Debug|Any CPU
		{C93FF45F-5151-6EF9-98B3-6768EA4D1076}.Release|Any CPU.ActiveCfg = Release|Any CPU
		{C93FF45F-5151-6EF9-98B3-6768EA4D1076}.Release|Any CPU.Build.0 = Release|Any CPU
		{59119A00-866B-1AD2-5090-63FBEE11E9D0}.Debug|Any CPU.ActiveCfg = Debug|Any CPU
		{59119A00-866B-1AD2-5090-63FBEE11E9D0}.Debug|Any CPU.Build.0 = Debug|Any CPU
		{59119A00-866B-1AD2-5090-63FBEE11E9D0}.Release|Any CPU.ActiveCfg = Release|Any CPU
		{59119A00-866B-1AD2-5090-63FBEE11E9D0}.Release|Any CPU.Build.0 = Release|Any CPU
		{FAB3B4E0-D681-F35D-9ECD-C33D5E329DB2}.Debug|Any CPU.ActiveCfg = Debug|Any CPU
		{FAB3B4E0-D681-F35D-9ECD-C33D5E329DB2}.Debug|Any CPU.Build.0 = Debug|Any CPU
		{FAB3B4E0-D681-F35D-9ECD-C33D5E329DB2}.Release|Any CPU.ActiveCfg = Release|Any CPU
		{FAB3B4E0-D681-F35D-9ECD-C33D5E329DB2}.Release|Any CPU.Build.0 = Release|Any CPU
		{41E7C1BE-2CF4-F6B4-BF96-4E15AF3A8536}.Debug|Any CPU.ActiveCfg = Debug|Any CPU
		{41E7C1BE-2CF4-F6B4-BF96-4E15AF3A8536}.Debug|Any CPU.Build.0 = Debug|Any CPU
		{41E7C1BE-2CF4-F6B4-BF96-4E15AF3A8536}.Release|Any CPU.ActiveCfg = Release|Any CPU
		{41E7C1BE-2CF4-F6B4-BF96-4E15AF3A8536}.Release|Any CPU.Build.0 = Release|Any CPU
		{F62E61E8-DF1D-D714-B040-AC3B77582F67}.Debug|Any CPU.ActiveCfg = Debug|Any CPU
		{F62E61E8-DF1D-D714-B040-AC3B77582F67}.Debug|Any CPU.Build.0 = Debug|Any CPU
		{F62E61E8-DF1D-D714-B040-AC3B77582F67}.Release|Any CPU.ActiveCfg = Release|Any CPU
		{F62E61E8-DF1D-D714-B040-AC3B77582F67}.Release|Any CPU.Build.0 = Release|Any CPU
		{9853B985-EF9D-AE1F-AC01-4F175C97F8EF}.Debug|Any CPU.ActiveCfg = Debug|Any CPU
		{9853B985-EF9D-AE1F-AC01-4F175C97F8EF}.Debug|Any CPU.Build.0 = Debug|Any CPU
		{9853B985-EF9D-AE1F-AC01-4F175C97F8EF}.Release|Any CPU.ActiveCfg = Release|Any CPU
		{9853B985-EF9D-AE1F-AC01-4F175C97F8EF}.Release|Any CPU.Build.0 = Release|Any CPU
		{696B4431-B9DB-5171-5DBC-FC200B355C1C}.Debug|Any CPU.ActiveCfg = Debug|Any CPU
		{696B4431-B9DB-5171-5DBC-FC200B355C1C}.Debug|Any CPU.Build.0 = Debug|Any CPU
		{696B4431-B9DB-5171-5DBC-FC200B355C1C}.Release|Any CPU.ActiveCfg = Release|Any CPU
		{696B4431-B9DB-5171-5DBC-FC200B355C1C}.Release|Any CPU.Build.0 = Release|Any CPU
		{66284A28-580B-3F60-1F13-F7268924ABB8}.Debug|Any CPU.ActiveCfg = Debug|Any CPU
		{66284A28-580B-3F60-1F13-F7268924ABB8}.Debug|Any CPU.Build.0 = Debug|Any CPU
		{66284A28-580B-3F60-1F13-F7268924ABB8}.Release|Any CPU.ActiveCfg = Release|Any CPU
		{66284A28-580B-3F60-1F13-F7268924ABB8}.Release|Any CPU.Build.0 = Release|Any CPU
		{4A722FB5-1BF9-4F73-5C9E-D015DE53926D}.Debug|Any CPU.ActiveCfg = Debug|Any CPU
		{4A722FB5-1BF9-4F73-5C9E-D015DE53926D}.Debug|Any CPU.Build.0 = Debug|Any CPU
		{4A722FB5-1BF9-4F73-5C9E-D015DE53926D}.Release|Any CPU.ActiveCfg = Release|Any CPU
		{4A722FB5-1BF9-4F73-5C9E-D015DE53926D}.Release|Any CPU.Build.0 = Release|Any CPU
		{3A04AD80-9CE0-892B-2D7F-1338993CD387}.Debug|Any CPU.ActiveCfg = Debug|Any CPU
		{3A04AD80-9CE0-892B-2D7F-1338993CD387}.Debug|Any CPU.Build.0 = Debug|Any CPU
		{3A04AD80-9CE0-892B-2D7F-1338993CD387}.Release|Any CPU.ActiveCfg = Release|Any CPU
		{3A04AD80-9CE0-892B-2D7F-1338993CD387}.Release|Any CPU.Build.0 = Release|Any CPU
		{48DE78AE-FB74-D3F9-E5BF-6EDCA929BC1B}.Debug|Any CPU.ActiveCfg = Debug|Any CPU
		{48DE78AE-FB74-D3F9-E5BF-6EDCA929BC1B}.Debug|Any CPU.Build.0 = Debug|Any CPU
		{48DE78AE-FB74-D3F9-E5BF-6EDCA929BC1B}.Release|Any CPU.ActiveCfg = Release|Any CPU
		{48DE78AE-FB74-D3F9-E5BF-6EDCA929BC1B}.Release|Any CPU.Build.0 = Release|Any CPU
		{923C3B47-A9A4-C8AA-1343-3DF6A1F976C9}.Debug|Any CPU.ActiveCfg = Debug|Any CPU
		{923C3B47-A9A4-C8AA-1343-3DF6A1F976C9}.Debug|Any CPU.Build.0 = Debug|Any CPU
		{923C3B47-A9A4-C8AA-1343-3DF6A1F976C9}.Release|Any CPU.ActiveCfg = Release|Any CPU
		{923C3B47-A9A4-C8AA-1343-3DF6A1F976C9}.Release|Any CPU.Build.0 = Release|Any CPU
		{44751F1A-3826-63FE-D864-D632E94EA196}.Debug|Any CPU.ActiveCfg = Debug|Any CPU
		{44751F1A-3826-63FE-D864-D632E94EA196}.Debug|Any CPU.Build.0 = Debug|Any CPU
		{44751F1A-3826-63FE-D864-D632E94EA196}.Release|Any CPU.ActiveCfg = Release|Any CPU
		{44751F1A-3826-63FE-D864-D632E94EA196}.Release|Any CPU.Build.0 = Release|Any CPU
		{D0D11734-9802-651C-46B3-22DFC10AA881}.Debug|Any CPU.ActiveCfg = Debug|Any CPU
		{D0D11734-9802-651C-46B3-22DFC10AA881}.Debug|Any CPU.Build.0 = Debug|Any CPU
		{D0D11734-9802-651C-46B3-22DFC10AA881}.Release|Any CPU.ActiveCfg = Release|Any CPU
		{D0D11734-9802-651C-46B3-22DFC10AA881}.Release|Any CPU.Build.0 = Release|Any CPU
		{68B4E32B-EFB3-D3F7-B8CC-3A5E4DFA91F2}.Debug|Any CPU.ActiveCfg = Debug|Any CPU
		{68B4E32B-EFB3-D3F7-B8CC-3A5E4DFA91F2}.Debug|Any CPU.Build.0 = Debug|Any CPU
		{68B4E32B-EFB3-D3F7-B8CC-3A5E4DFA91F2}.Release|Any CPU.ActiveCfg = Release|Any CPU
		{68B4E32B-EFB3-D3F7-B8CC-3A5E4DFA91F2}.Release|Any CPU.Build.0 = Release|Any CPU
		{76D62717-0EE2-4A93-92FE-CE85E9415BA8}.Debug|Any CPU.ActiveCfg = Debug|Any CPU
		{76D62717-0EE2-4A93-92FE-CE85E9415BA8}.Debug|Any CPU.Build.0 = Debug|Any CPU
		{76D62717-0EE2-4A93-92FE-CE85E9415BA8}.Release|Any CPU.ActiveCfg = Release|Any CPU
		{76D62717-0EE2-4A93-92FE-CE85E9415BA8}.Release|Any CPU.Build.0 = Release|Any CPU
		{FE52B4C6-D77F-0E27-830B-FE123C66FD23}.Debug|Any CPU.ActiveCfg = Debug|Any CPU
		{FE52B4C6-D77F-0E27-830B-FE123C66FD23}.Debug|Any CPU.Build.0 = Debug|Any CPU
		{FE52B4C6-D77F-0E27-830B-FE123C66FD23}.Release|Any CPU.ActiveCfg = Release|Any CPU
		{FE52B4C6-D77F-0E27-830B-FE123C66FD23}.Release|Any CPU.Build.0 = Release|Any CPU
		{D648D068-AEF0-9135-9703-60076CCE2E56}.Debug|Any CPU.ActiveCfg = Debug|Any CPU
		{D648D068-AEF0-9135-9703-60076CCE2E56}.Debug|Any CPU.Build.0 = Debug|Any CPU
		{D648D068-AEF0-9135-9703-60076CCE2E56}.Release|Any CPU.ActiveCfg = Release|Any CPU
		{D648D068-AEF0-9135-9703-60076CCE2E56}.Release|Any CPU.Build.0 = Release|Any CPU
		{03E7F08A-8A82-28AA-0C2D-BCC2561DE946}.Debug|Any CPU.ActiveCfg = Debug|Any CPU
		{03E7F08A-8A82-28AA-0C2D-BCC2561DE946}.Debug|Any CPU.Build.0 = Debug|Any CPU
		{03E7F08A-8A82-28AA-0C2D-BCC2561DE946}.Release|Any CPU.ActiveCfg = Release|Any CPU
		{03E7F08A-8A82-28AA-0C2D-BCC2561DE946}.Release|Any CPU.Build.0 = Release|Any CPU
		{FD4A3ADC-86A4-D253-2E6D-C9F8CFA8EF21}.Debug|Any CPU.ActiveCfg = Debug|Any CPU
		{FD4A3ADC-86A4-D253-2E6D-C9F8CFA8EF21}.Debug|Any CPU.Build.0 = Debug|Any CPU
		{FD4A3ADC-86A4-D253-2E6D-C9F8CFA8EF21}.Release|Any CPU.ActiveCfg = Release|Any CPU
		{FD4A3ADC-86A4-D253-2E6D-C9F8CFA8EF21}.Release|Any CPU.Build.0 = Release|Any CPU
		{6F8D88F8-BE8F-3E44-B299-773CA3F0FC85}.Debug|Any CPU.ActiveCfg = Debug|Any CPU
		{6F8D88F8-BE8F-3E44-B299-773CA3F0FC85}.Debug|Any CPU.Build.0 = Debug|Any CPU
		{6F8D88F8-BE8F-3E44-B299-773CA3F0FC85}.Release|Any CPU.ActiveCfg = Release|Any CPU
		{6F8D88F8-BE8F-3E44-B299-773CA3F0FC85}.Release|Any CPU.Build.0 = Release|Any CPU
		{4EF2D96F-E899-3718-5348-32268900E292}.Debug|Any CPU.ActiveCfg = Debug|Any CPU
		{4EF2D96F-E899-3718-5348-32268900E292}.Debug|Any CPU.Build.0 = Debug|Any CPU
		{4EF2D96F-E899-3718-5348-32268900E292}.Release|Any CPU.ActiveCfg = Release|Any CPU
		{4EF2D96F-E899-3718-5348-32268900E292}.Release|Any CPU.Build.0 = Release|Any CPU
		{91DDB173-2300-5CFB-A052-44C79F7BD845}.Debug|Any CPU.ActiveCfg = Debug|Any CPU
		{91DDB173-2300-5CFB-A052-44C79F7BD845}.Debug|Any CPU.Build.0 = Debug|Any CPU
		{91DDB173-2300-5CFB-A052-44C79F7BD845}.Release|Any CPU.ActiveCfg = Release|Any CPU
		{91DDB173-2300-5CFB-A052-44C79F7BD845}.Release|Any CPU.Build.0 = Release|Any CPU
		{D96C7192-0D39-6F75-33CB-4CEE881DEB39}.Debug|Any CPU.ActiveCfg = Debug|Any CPU
		{D96C7192-0D39-6F75-33CB-4CEE881DEB39}.Debug|Any CPU.Build.0 = Debug|Any CPU
		{D96C7192-0D39-6F75-33CB-4CEE881DEB39}.Release|Any CPU.ActiveCfg = Release|Any CPU
		{D96C7192-0D39-6F75-33CB-4CEE881DEB39}.Release|Any CPU.Build.0 = Release|Any CPU
		{DE147310-4374-957B-1675-21AD72C9AA05}.Debug|Any CPU.ActiveCfg = Debug|Any CPU
		{DE147310-4374-957B-1675-21AD72C9AA05}.Debug|Any CPU.Build.0 = Debug|Any CPU
		{DE147310-4374-957B-1675-21AD72C9AA05}.Release|Any CPU.ActiveCfg = Release|Any CPU
		{DE147310-4374-957B-1675-21AD72C9AA05}.Release|Any CPU.Build.0 = Release|Any CPU
		{7CDC38BD-E28E-A409-F561-62A8B9AF2B29}.Debug|Any CPU.ActiveCfg = Debug|Any CPU
		{7CDC38BD-E28E-A409-F561-62A8B9AF2B29}.Debug|Any CPU.Build.0 = Debug|Any CPU
		{7CDC38BD-E28E-A409-F561-62A8B9AF2B29}.Release|Any CPU.ActiveCfg = Release|Any CPU
		{7CDC38BD-E28E-A409-F561-62A8B9AF2B29}.Release|Any CPU.Build.0 = Release|Any CPU
		{4C867838-0B90-8F04-211B-32AE27B33D00}.Debug|Any CPU.ActiveCfg = Debug|Any CPU
		{4C867838-0B90-8F04-211B-32AE27B33D00}.Debug|Any CPU.Build.0 = Debug|Any CPU
		{4C867838-0B90-8F04-211B-32AE27B33D00}.Release|Any CPU.ActiveCfg = Release|Any CPU
		{4C867838-0B90-8F04-211B-32AE27B33D00}.Release|Any CPU.Build.0 = Release|Any CPU
		{D215D3FB-5521-ED85-CD7C-CDA6E2579227}.Debug|Any CPU.ActiveCfg = Debug|Any CPU
		{D215D3FB-5521-ED85-CD7C-CDA6E2579227}.Debug|Any CPU.Build.0 = Debug|Any CPU
		{D215D3FB-5521-ED85-CD7C-CDA6E2579227}.Release|Any CPU.ActiveCfg = Release|Any CPU
		{D215D3FB-5521-ED85-CD7C-CDA6E2579227}.Release|Any CPU.Build.0 = Release|Any CPU
		{70979854-18C2-550C-D1BE-74A31301D712}.Debug|Any CPU.ActiveCfg = Debug|Any CPU
		{70979854-18C2-550C-D1BE-74A31301D712}.Debug|Any CPU.Build.0 = Debug|Any CPU
		{70979854-18C2-550C-D1BE-74A31301D712}.Release|Any CPU.ActiveCfg = Release|Any CPU
		{70979854-18C2-550C-D1BE-74A31301D712}.Release|Any CPU.Build.0 = Release|Any CPU
		{D2ED1F92-BC14-719C-92B6-58F70C3BBE35}.Debug|Any CPU.ActiveCfg = Debug|Any CPU
		{D2ED1F92-BC14-719C-92B6-58F70C3BBE35}.Debug|Any CPU.Build.0 = Debug|Any CPU
		{D2ED1F92-BC14-719C-92B6-58F70C3BBE35}.Release|Any CPU.ActiveCfg = Release|Any CPU
		{D2ED1F92-BC14-719C-92B6-58F70C3BBE35}.Release|Any CPU.Build.0 = Release|Any CPU
		{4FD347E7-CB53-B623-B0AF-0B586B66EBF6}.Debug|Any CPU.ActiveCfg = Debug|Any CPU
		{4FD347E7-CB53-B623-B0AF-0B586B66EBF6}.Debug|Any CPU.Build.0 = Debug|Any CPU
		{4FD347E7-CB53-B623-B0AF-0B586B66EBF6}.Release|Any CPU.ActiveCfg = Release|Any CPU
		{4FD347E7-CB53-B623-B0AF-0B586B66EBF6}.Release|Any CPU.Build.0 = Release|Any CPU
		{A49F0E26-B733-A426-C293-47E53A72D00F}.Debug|Any CPU.ActiveCfg = Debug|Any CPU
		{A49F0E26-B733-A426-C293-47E53A72D00F}.Debug|Any CPU.Build.0 = Debug|Any CPU
		{A49F0E26-B733-A426-C293-47E53A72D00F}.Release|Any CPU.ActiveCfg = Release|Any CPU
		{A49F0E26-B733-A426-C293-47E53A72D00F}.Release|Any CPU.Build.0 = Release|Any CPU
		{97425F4D-993F-EB23-2AE2-49733167CDC8}.Debug|Any CPU.ActiveCfg = Debug|Any CPU
		{97425F4D-993F-EB23-2AE2-49733167CDC8}.Debug|Any CPU.Build.0 = Debug|Any CPU
		{97425F4D-993F-EB23-2AE2-49733167CDC8}.Release|Any CPU.ActiveCfg = Release|Any CPU
		{97425F4D-993F-EB23-2AE2-49733167CDC8}.Release|Any CPU.Build.0 = Release|Any CPU
		{059DBEC0-9CEE-3067-547D-67AD74968033}.Debug|Any CPU.ActiveCfg = Debug|Any CPU
		{059DBEC0-9CEE-3067-547D-67AD74968033}.Debug|Any CPU.Build.0 = Debug|Any CPU
		{059DBEC0-9CEE-3067-547D-67AD74968033}.Release|Any CPU.ActiveCfg = Release|Any CPU
		{059DBEC0-9CEE-3067-547D-67AD74968033}.Release|Any CPU.Build.0 = Release|Any CPU
		{A070936F-54A1-CA83-8AB0-725D01E38C62}.Debug|Any CPU.ActiveCfg = Debug|Any CPU
		{A070936F-54A1-CA83-8AB0-725D01E38C62}.Debug|Any CPU.Build.0 = Debug|Any CPU
		{A070936F-54A1-CA83-8AB0-725D01E38C62}.Release|Any CPU.ActiveCfg = Release|Any CPU
		{A070936F-54A1-CA83-8AB0-725D01E38C62}.Release|Any CPU.Build.0 = Release|Any CPU
		{EAFC5536-F1FE-9AF4-A8BE-2D044BF2DE8D}.Debug|Any CPU.ActiveCfg = Debug|Any CPU
		{EAFC5536-F1FE-9AF4-A8BE-2D044BF2DE8D}.Debug|Any CPU.Build.0 = Debug|Any CPU
		{EAFC5536-F1FE-9AF4-A8BE-2D044BF2DE8D}.Release|Any CPU.ActiveCfg = Release|Any CPU
		{EAFC5536-F1FE-9AF4-A8BE-2D044BF2DE8D}.Release|Any CPU.Build.0 = Release|Any CPU
		{1071CD01-C5F4-E7B5-8723-6BDC27A65757}.Debug|Any CPU.ActiveCfg = Debug|Any CPU
		{1071CD01-C5F4-E7B5-8723-6BDC27A65757}.Debug|Any CPU.Build.0 = Debug|Any CPU
		{1071CD01-C5F4-E7B5-8723-6BDC27A65757}.Release|Any CPU.ActiveCfg = Release|Any CPU
		{1071CD01-C5F4-E7B5-8723-6BDC27A65757}.Release|Any CPU.Build.0 = Release|Any CPU
		{9035E00D-93A8-FC98-0E3F-EE49724F68A8}.Debug|Any CPU.ActiveCfg = Debug|Any CPU
		{9035E00D-93A8-FC98-0E3F-EE49724F68A8}.Debug|Any CPU.Build.0 = Debug|Any CPU
		{9035E00D-93A8-FC98-0E3F-EE49724F68A8}.Release|Any CPU.ActiveCfg = Release|Any CPU
		{9035E00D-93A8-FC98-0E3F-EE49724F68A8}.Release|Any CPU.Build.0 = Release|Any CPU
		{EB187998-E881-DB41-261D-F55B5FC575C5}.Debug|Any CPU.ActiveCfg = Debug|Any CPU
		{EB187998-E881-DB41-261D-F55B5FC575C5}.Debug|Any CPU.Build.0 = Debug|Any CPU
		{EB187998-E881-DB41-261D-F55B5FC575C5}.Release|Any CPU.ActiveCfg = Release|Any CPU
		{EB187998-E881-DB41-261D-F55B5FC575C5}.Release|Any CPU.Build.0 = Release|Any CPU
		{BC4F88D4-60E8-6F81-A5F0-34E766752F74}.Debug|Any CPU.ActiveCfg = Debug|Any CPU
		{BC4F88D4-60E8-6F81-A5F0-34E766752F74}.Debug|Any CPU.Build.0 = Debug|Any CPU
		{BC4F88D4-60E8-6F81-A5F0-34E766752F74}.Release|Any CPU.ActiveCfg = Release|Any CPU
		{BC4F88D4-60E8-6F81-A5F0-34E766752F74}.Release|Any CPU.Build.0 = Release|Any CPU
		{910605D3-2774-2D5F-B0D8-C7E0F6522900}.Debug|Any CPU.ActiveCfg = Debug|Any CPU
		{910605D3-2774-2D5F-B0D8-C7E0F6522900}.Debug|Any CPU.Build.0 = Debug|Any CPU
		{910605D3-2774-2D5F-B0D8-C7E0F6522900}.Release|Any CPU.ActiveCfg = Release|Any CPU
		{910605D3-2774-2D5F-B0D8-C7E0F6522900}.Release|Any CPU.Build.0 = Release|Any CPU
		{AAE38E2F-46BD-8368-9BC5-3B06BB79BD0D}.Debug|Any CPU.ActiveCfg = Debug|Any CPU
		{AAE38E2F-46BD-8368-9BC5-3B06BB79BD0D}.Debug|Any CPU.Build.0 = Debug|Any CPU
		{AAE38E2F-46BD-8368-9BC5-3B06BB79BD0D}.Release|Any CPU.ActiveCfg = Release|Any CPU
		{AAE38E2F-46BD-8368-9BC5-3B06BB79BD0D}.Release|Any CPU.Build.0 = Release|Any CPU
		{BEFD4485-D7B6-2E8E-7003-2578846C6B1D}.Debug|Any CPU.ActiveCfg = Debug|Any CPU
		{BEFD4485-D7B6-2E8E-7003-2578846C6B1D}.Debug|Any CPU.Build.0 = Debug|Any CPU
		{BEFD4485-D7B6-2E8E-7003-2578846C6B1D}.Release|Any CPU.ActiveCfg = Release|Any CPU
		{BEFD4485-D7B6-2E8E-7003-2578846C6B1D}.Release|Any CPU.Build.0 = Release|Any CPU
		{0DEA3960-9DBD-7BB1-413A-1DF5083FA10C}.Debug|Any CPU.ActiveCfg = Debug|Any CPU
		{0DEA3960-9DBD-7BB1-413A-1DF5083FA10C}.Debug|Any CPU.Build.0 = Debug|Any CPU
		{0DEA3960-9DBD-7BB1-413A-1DF5083FA10C}.Release|Any CPU.ActiveCfg = Release|Any CPU
		{0DEA3960-9DBD-7BB1-413A-1DF5083FA10C}.Release|Any CPU.Build.0 = Release|Any CPU
		{C4031FA2-C4BE-BFB7-4DDD-33FA1A0CEB4B}.Debug|Any CPU.ActiveCfg = Debug|Any CPU
		{C4031FA2-C4BE-BFB7-4DDD-33FA1A0CEB4B}.Debug|Any CPU.Build.0 = Debug|Any CPU
		{C4031FA2-C4BE-BFB7-4DDD-33FA1A0CEB4B}.Release|Any CPU.ActiveCfg = Release|Any CPU
		{C4031FA2-C4BE-BFB7-4DDD-33FA1A0CEB4B}.Release|Any CPU.Build.0 = Release|Any CPU
		{495DCCD5-3BBB-8B34-EA36-45C7C1DF6AEA}.Debug|Any CPU.ActiveCfg = Debug|Any CPU
		{495DCCD5-3BBB-8B34-EA36-45C7C1DF6AEA}.Debug|Any CPU.Build.0 = Debug|Any CPU
		{495DCCD5-3BBB-8B34-EA36-45C7C1DF6AEA}.Release|Any CPU.ActiveCfg = Release|Any CPU
		{495DCCD5-3BBB-8B34-EA36-45C7C1DF6AEA}.Release|Any CPU.Build.0 = Release|Any CPU
		{D151AEC2-8260-CBD4-619C-E3C49FACFD33}.Debug|Any CPU.ActiveCfg = Debug|Any CPU
		{D151AEC2-8260-CBD4-619C-E3C49FACFD33}.Debug|Any CPU.Build.0 = Debug|Any CPU
		{D151AEC2-8260-CBD4-619C-E3C49FACFD33}.Release|Any CPU.ActiveCfg = Release|Any CPU
		{D151AEC2-8260-CBD4-619C-E3C49FACFD33}.Release|Any CPU.Build.0 = Release|Any CPU
		{58F506CE-4DC3-335D-87A0-FA23A6DE9165}.Debug|Any CPU.ActiveCfg = Debug|Any CPU
		{58F506CE-4DC3-335D-87A0-FA23A6DE9165}.Debug|Any CPU.Build.0 = Debug|Any CPU
		{58F506CE-4DC3-335D-87A0-FA23A6DE9165}.Release|Any CPU.ActiveCfg = Release|Any CPU
		{58F506CE-4DC3-335D-87A0-FA23A6DE9165}.Release|Any CPU.Build.0 = Release|Any CPU
		{EACCB2C6-BB76-D40E-1F47-493B1B673CD9}.Debug|Any CPU.ActiveCfg = Debug|Any CPU
		{EACCB2C6-BB76-D40E-1F47-493B1B673CD9}.Debug|Any CPU.Build.0 = Debug|Any CPU
		{EACCB2C6-BB76-D40E-1F47-493B1B673CD9}.Release|Any CPU.ActiveCfg = Release|Any CPU
		{EACCB2C6-BB76-D40E-1F47-493B1B673CD9}.Release|Any CPU.Build.0 = Release|Any CPU
		{0CB6F50E-2EFE-4B0B-E9BB-7E6CD1603B51}.Debug|Any CPU.ActiveCfg = Debug|Any CPU
		{0CB6F50E-2EFE-4B0B-E9BB-7E6CD1603B51}.Debug|Any CPU.Build.0 = Debug|Any CPU
		{0CB6F50E-2EFE-4B0B-E9BB-7E6CD1603B51}.Release|Any CPU.ActiveCfg = Release|Any CPU
		{0CB6F50E-2EFE-4B0B-E9BB-7E6CD1603B51}.Release|Any CPU.Build.0 = Release|Any CPU
		{9C95E466-B7DA-3F31-09FF-117E879ABB7D}.Debug|Any CPU.ActiveCfg = Debug|Any CPU
		{9C95E466-B7DA-3F31-09FF-117E879ABB7D}.Debug|Any CPU.Build.0 = Debug|Any CPU
		{9C95E466-B7DA-3F31-09FF-117E879ABB7D}.Release|Any CPU.ActiveCfg = Release|Any CPU
		{9C95E466-B7DA-3F31-09FF-117E879ABB7D}.Release|Any CPU.Build.0 = Release|Any CPU
		{E1D414D8-C697-21AF-491E-29E13DBDEE93}.Debug|Any CPU.ActiveCfg = Debug|Any CPU
		{E1D414D8-C697-21AF-491E-29E13DBDEE93}.Debug|Any CPU.Build.0 = Debug|Any CPU
		{E1D414D8-C697-21AF-491E-29E13DBDEE93}.Release|Any CPU.ActiveCfg = Release|Any CPU
		{E1D414D8-C697-21AF-491E-29E13DBDEE93}.Release|Any CPU.Build.0 = Release|Any CPU
		{2EE89543-47A1-B328-C2A3-642EDEEA2956}.Debug|Any CPU.ActiveCfg = Debug|Any CPU
		{2EE89543-47A1-B328-C2A3-642EDEEA2956}.Debug|Any CPU.Build.0 = Debug|Any CPU
		{2EE89543-47A1-B328-C2A3-642EDEEA2956}.Release|Any CPU.ActiveCfg = Release|Any CPU
		{2EE89543-47A1-B328-C2A3-642EDEEA2956}.Release|Any CPU.Build.0 = Release|Any CPU
		{E92B36CF-E490-F0CD-B84F-5336D0972A0E}.Debug|Any CPU.ActiveCfg = Debug|Any CPU
		{E92B36CF-E490-F0CD-B84F-5336D0972A0E}.Debug|Any CPU.Build.0 = Debug|Any CPU
		{E92B36CF-E490-F0CD-B84F-5336D0972A0E}.Release|Any CPU.ActiveCfg = Release|Any CPU
		{E92B36CF-E490-F0CD-B84F-5336D0972A0E}.Release|Any CPU.Build.0 = Release|Any CPU
		{4D2824BE-8476-18D0-A115-3603363870F4}.Debug|Any CPU.ActiveCfg = Debug|Any CPU
		{4D2824BE-8476-18D0-A115-3603363870F4}.Debug|Any CPU.Build.0 = Debug|Any CPU
		{4D2824BE-8476-18D0-A115-3603363870F4}.Release|Any CPU.ActiveCfg = Release|Any CPU
		{4D2824BE-8476-18D0-A115-3603363870F4}.Release|Any CPU.Build.0 = Release|Any CPU
		{CC89E3FF-1AF8-EF6E-3DE8-68C58DF209D0}.Debug|Any CPU.ActiveCfg = Debug|Any CPU
		{CC89E3FF-1AF8-EF6E-3DE8-68C58DF209D0}.Debug|Any CPU.Build.0 = Debug|Any CPU
		{CC89E3FF-1AF8-EF6E-3DE8-68C58DF209D0}.Release|Any CPU.ActiveCfg = Release|Any CPU
		{CC89E3FF-1AF8-EF6E-3DE8-68C58DF209D0}.Release|Any CPU.Build.0 = Release|Any CPU
		{9DAD4470-B69D-FCFB-6AD3-A4784EEE2DA5}.Debug|Any CPU.ActiveCfg = Debug|Any CPU
		{9DAD4470-B69D-FCFB-6AD3-A4784EEE2DA5}.Debug|Any CPU.Build.0 = Debug|Any CPU
		{9DAD4470-B69D-FCFB-6AD3-A4784EEE2DA5}.Release|Any CPU.ActiveCfg = Release|Any CPU
		{9DAD4470-B69D-FCFB-6AD3-A4784EEE2DA5}.Release|Any CPU.Build.0 = Release|Any CPU
		{30FF258D-FE38-3FD2-B0A4-1F2A502114BC}.Debug|Any CPU.ActiveCfg = Debug|Any CPU
		{30FF258D-FE38-3FD2-B0A4-1F2A502114BC}.Debug|Any CPU.Build.0 = Debug|Any CPU
		{30FF258D-FE38-3FD2-B0A4-1F2A502114BC}.Release|Any CPU.ActiveCfg = Release|Any CPU
		{30FF258D-FE38-3FD2-B0A4-1F2A502114BC}.Release|Any CPU.Build.0 = Release|Any CPU
		{0F0BD51A-94BB-8C17-59CE-A9C665B99C7C}.Debug|Any CPU.ActiveCfg = Debug|Any CPU
		{0F0BD51A-94BB-8C17-59CE-A9C665B99C7C}.Debug|Any CPU.Build.0 = Debug|Any CPU
		{0F0BD51A-94BB-8C17-59CE-A9C665B99C7C}.Release|Any CPU.ActiveCfg = Release|Any CPU
		{0F0BD51A-94BB-8C17-59CE-A9C665B99C7C}.Release|Any CPU.Build.0 = Release|Any CPU
		{D6F41764-EC12-5CAB-7EA3-8ED979DA9870}.Debug|Any CPU.ActiveCfg = Debug|Any CPU
		{D6F41764-EC12-5CAB-7EA3-8ED979DA9870}.Debug|Any CPU.Build.0 = Debug|Any CPU
		{D6F41764-EC12-5CAB-7EA3-8ED979DA9870}.Release|Any CPU.ActiveCfg = Release|Any CPU
		{D6F41764-EC12-5CAB-7EA3-8ED979DA9870}.Release|Any CPU.Build.0 = Release|Any CPU
		{CF6112DE-8D34-EB33-CFBA-224C43586632}.Debug|Any CPU.ActiveCfg = Debug|Any CPU
		{CF6112DE-8D34-EB33-CFBA-224C43586632}.Debug|Any CPU.Build.0 = Debug|Any CPU
		{CF6112DE-8D34-EB33-CFBA-224C43586632}.Release|Any CPU.ActiveCfg = Release|Any CPU
		{CF6112DE-8D34-EB33-CFBA-224C43586632}.Release|Any CPU.Build.0 = Release|Any CPU
		{30BD515A-A6E4-514D-4009-8AD75E165E48}.Debug|Any CPU.ActiveCfg = Debug|Any CPU
		{30BD515A-A6E4-514D-4009-8AD75E165E48}.Debug|Any CPU.Build.0 = Debug|Any CPU
		{30BD515A-A6E4-514D-4009-8AD75E165E48}.Release|Any CPU.ActiveCfg = Release|Any CPU
		{30BD515A-A6E4-514D-4009-8AD75E165E48}.Release|Any CPU.Build.0 = Release|Any CPU
		{023F62B0-C71A-E813-A08D-F8500F7CA7AE}.Debug|Any CPU.ActiveCfg = Debug|Any CPU
		{023F62B0-C71A-E813-A08D-F8500F7CA7AE}.Debug|Any CPU.Build.0 = Debug|Any CPU
		{023F62B0-C71A-E813-A08D-F8500F7CA7AE}.Release|Any CPU.ActiveCfg = Release|Any CPU
		{023F62B0-C71A-E813-A08D-F8500F7CA7AE}.Release|Any CPU.Build.0 = Release|Any CPU
		{560A25A5-620B-3961-B195-A5158580CE43}.Debug|Any CPU.ActiveCfg = Debug|Any CPU
		{560A25A5-620B-3961-B195-A5158580CE43}.Debug|Any CPU.Build.0 = Debug|Any CPU
		{560A25A5-620B-3961-B195-A5158580CE43}.Release|Any CPU.ActiveCfg = Release|Any CPU
		{560A25A5-620B-3961-B195-A5158580CE43}.Release|Any CPU.Build.0 = Release|Any CPU
		{A8E7846C-5709-8487-5F0D-57943A830AA5}.Debug|Any CPU.ActiveCfg = Debug|Any CPU
		{A8E7846C-5709-8487-5F0D-57943A830AA5}.Debug|Any CPU.Build.0 = Debug|Any CPU
		{A8E7846C-5709-8487-5F0D-57943A830AA5}.Release|Any CPU.ActiveCfg = Release|Any CPU
		{A8E7846C-5709-8487-5F0D-57943A830AA5}.Release|Any CPU.Build.0 = Release|Any CPU
		{412D1DD5-8320-E661-075D-A5F3ADE00853}.Debug|Any CPU.ActiveCfg = Debug|Any CPU
		{412D1DD5-8320-E661-075D-A5F3ADE00853}.Debug|Any CPU.Build.0 = Debug|Any CPU
		{412D1DD5-8320-E661-075D-A5F3ADE00853}.Release|Any CPU.ActiveCfg = Release|Any CPU
		{412D1DD5-8320-E661-075D-A5F3ADE00853}.Release|Any CPU.Build.0 = Release|Any CPU
		{41BBFA95-2956-F0B9-7E00-7EF6762EED95}.Debug|Any CPU.ActiveCfg = Debug|Any CPU
		{41BBFA95-2956-F0B9-7E00-7EF6762EED95}.Debug|Any CPU.Build.0 = Debug|Any CPU
		{41BBFA95-2956-F0B9-7E00-7EF6762EED95}.Release|Any CPU.ActiveCfg = Release|Any CPU
		{41BBFA95-2956-F0B9-7E00-7EF6762EED95}.Release|Any CPU.Build.0 = Release|Any CPU
		{080AC53E-E9B3-EBA6-6022-8F281035CAAF}.Debug|Any CPU.ActiveCfg = Debug|Any CPU
		{080AC53E-E9B3-EBA6-6022-8F281035CAAF}.Debug|Any CPU.Build.0 = Debug|Any CPU
		{080AC53E-E9B3-EBA6-6022-8F281035CAAF}.Release|Any CPU.ActiveCfg = Release|Any CPU
		{080AC53E-E9B3-EBA6-6022-8F281035CAAF}.Release|Any CPU.Build.0 = Release|Any CPU
		{226CD053-9BAE-C838-EC2B-E3198CD7E966}.Debug|Any CPU.ActiveCfg = Debug|Any CPU
		{226CD053-9BAE-C838-EC2B-E3198CD7E966}.Debug|Any CPU.Build.0 = Debug|Any CPU
		{226CD053-9BAE-C838-EC2B-E3198CD7E966}.Release|Any CPU.ActiveCfg = Release|Any CPU
		{226CD053-9BAE-C838-EC2B-E3198CD7E966}.Release|Any CPU.Build.0 = Release|Any CPU
		{BBE90A1E-E3E3-F9C4-C7FE-679BC11CCF6A}.Debug|Any CPU.ActiveCfg = Debug|Any CPU
		{BBE90A1E-E3E3-F9C4-C7FE-679BC11CCF6A}.Debug|Any CPU.Build.0 = Debug|Any CPU
		{BBE90A1E-E3E3-F9C4-C7FE-679BC11CCF6A}.Release|Any CPU.ActiveCfg = Release|Any CPU
		{BBE90A1E-E3E3-F9C4-C7FE-679BC11CCF6A}.Release|Any CPU.Build.0 = Release|Any CPU
		{DCFAF32C-3E20-2F58-0A25-2D482E0F729D}.Debug|Any CPU.ActiveCfg = Debug|Any CPU
		{DCFAF32C-3E20-2F58-0A25-2D482E0F729D}.Debug|Any CPU.Build.0 = Debug|Any CPU
		{DCFAF32C-3E20-2F58-0A25-2D482E0F729D}.Release|Any CPU.ActiveCfg = Release|Any CPU
		{DCFAF32C-3E20-2F58-0A25-2D482E0F729D}.Release|Any CPU.Build.0 = Release|Any CPU
		{2221EEE7-7AB3-002B-C13E-6606D94D203F}.Debug|Any CPU.ActiveCfg = Debug|Any CPU
		{2221EEE7-7AB3-002B-C13E-6606D94D203F}.Debug|Any CPU.Build.0 = Debug|Any CPU
		{2221EEE7-7AB3-002B-C13E-6606D94D203F}.Release|Any CPU.ActiveCfg = Release|Any CPU
		{2221EEE7-7AB3-002B-C13E-6606D94D203F}.Release|Any CPU.Build.0 = Release|Any CPU
		{A7FBEE6E-F37E-3912-8E9F-ED8BE2779461}.Debug|Any CPU.ActiveCfg = Debug|Any CPU
		{A7FBEE6E-F37E-3912-8E9F-ED8BE2779461}.Debug|Any CPU.Build.0 = Debug|Any CPU
		{A7FBEE6E-F37E-3912-8E9F-ED8BE2779461}.Release|Any CPU.ActiveCfg = Release|Any CPU
		{A7FBEE6E-F37E-3912-8E9F-ED8BE2779461}.Release|Any CPU.Build.0 = Release|Any CPU
		{9FB3F264-20C9-F514-FE23-066197A0A8AA}.Debug|Any CPU.ActiveCfg = Debug|Any CPU
		{9FB3F264-20C9-F514-FE23-066197A0A8AA}.Debug|Any CPU.Build.0 = Debug|Any CPU
		{9FB3F264-20C9-F514-FE23-066197A0A8AA}.Release|Any CPU.ActiveCfg = Release|Any CPU
		{9FB3F264-20C9-F514-FE23-066197A0A8AA}.Release|Any CPU.Build.0 = Release|Any CPU
		{A481F7B7-2A86-F2E7-D5C2-62FD03E137AB}.Debug|Any CPU.ActiveCfg = Debug|Any CPU
		{A481F7B7-2A86-F2E7-D5C2-62FD03E137AB}.Debug|Any CPU.Build.0 = Debug|Any CPU
		{A481F7B7-2A86-F2E7-D5C2-62FD03E137AB}.Release|Any CPU.ActiveCfg = Release|Any CPU
		{A481F7B7-2A86-F2E7-D5C2-62FD03E137AB}.Release|Any CPU.Build.0 = Release|Any CPU
		{4EC34515-0432-6F74-E079-3F279852BFBA}.Debug|Any CPU.ActiveCfg = Debug|Any CPU
		{4EC34515-0432-6F74-E079-3F279852BFBA}.Debug|Any CPU.Build.0 = Debug|Any CPU
		{4EC34515-0432-6F74-E079-3F279852BFBA}.Release|Any CPU.ActiveCfg = Release|Any CPU
		{4EC34515-0432-6F74-E079-3F279852BFBA}.Release|Any CPU.Build.0 = Release|Any CPU
		{368B8FF8-5B80-C432-1FF1-FEE56DC3079F}.Debug|Any CPU.ActiveCfg = Debug|Any CPU
		{368B8FF8-5B80-C432-1FF1-FEE56DC3079F}.Debug|Any CPU.Build.0 = Debug|Any CPU
		{368B8FF8-5B80-C432-1FF1-FEE56DC3079F}.Release|Any CPU.ActiveCfg = Release|Any CPU
		{368B8FF8-5B80-C432-1FF1-FEE56DC3079F}.Release|Any CPU.Build.0 = Release|Any CPU
		{0122E68B-DAEF-9FC2-A756-680A3FBAFB1E}.Debug|Any CPU.ActiveCfg = Debug|Any CPU
		{0122E68B-DAEF-9FC2-A756-680A3FBAFB1E}.Debug|Any CPU.Build.0 = Debug|Any CPU
		{0122E68B-DAEF-9FC2-A756-680A3FBAFB1E}.Release|Any CPU.ActiveCfg = Release|Any CPU
		{0122E68B-DAEF-9FC2-A756-680A3FBAFB1E}.Release|Any CPU.Build.0 = Release|Any CPU
		{2DB60058-1040-89CF-1243-0F21683FCE0F}.Debug|Any CPU.ActiveCfg = Debug|Any CPU
		{2DB60058-1040-89CF-1243-0F21683FCE0F}.Debug|Any CPU.Build.0 = Debug|Any CPU
		{2DB60058-1040-89CF-1243-0F21683FCE0F}.Release|Any CPU.ActiveCfg = Release|Any CPU
		{2DB60058-1040-89CF-1243-0F21683FCE0F}.Release|Any CPU.Build.0 = Release|Any CPU
		{CC421FB8-9AB0-C9B7-404F-B5A073C06594}.Debug|Any CPU.ActiveCfg = Debug|Any CPU
		{CC421FB8-9AB0-C9B7-404F-B5A073C06594}.Debug|Any CPU.Build.0 = Debug|Any CPU
		{CC421FB8-9AB0-C9B7-404F-B5A073C06594}.Release|Any CPU.ActiveCfg = Release|Any CPU
		{CC421FB8-9AB0-C9B7-404F-B5A073C06594}.Release|Any CPU.Build.0 = Release|Any CPU
		{A847C2D3-D325-442B-9771-3FA87321D73A}.Debug|Any CPU.ActiveCfg = Debug|Any CPU
		{A847C2D3-D325-442B-9771-3FA87321D73A}.Debug|Any CPU.Build.0 = Debug|Any CPU
		{A847C2D3-D325-442B-9771-3FA87321D73A}.Release|Any CPU.ActiveCfg = Release|Any CPU
		{A847C2D3-D325-442B-9771-3FA87321D73A}.Release|Any CPU.Build.0 = Release|Any CPU
		{A6E96F1E-9F2A-6D40-8829-7B76741A323E}.Debug|Any CPU.ActiveCfg = Debug|Any CPU
		{A6E96F1E-9F2A-6D40-8829-7B76741A323E}.Debug|Any CPU.Build.0 = Debug|Any CPU
		{A6E96F1E-9F2A-6D40-8829-7B76741A323E}.Release|Any CPU.ActiveCfg = Release|Any CPU
		{A6E96F1E-9F2A-6D40-8829-7B76741A323E}.Release|Any CPU.Build.0 = Release|Any CPU
		{005994DC-D286-2C84-C3AC-116A8629689A}.Debug|Any CPU.ActiveCfg = Debug|Any CPU
		{005994DC-D286-2C84-C3AC-116A8629689A}.Debug|Any CPU.Build.0 = Debug|Any CPU
		{005994DC-D286-2C84-C3AC-116A8629689A}.Release|Any CPU.ActiveCfg = Release|Any CPU
		{005994DC-D286-2C84-C3AC-116A8629689A}.Release|Any CPU.Build.0 = Release|Any CPU
		{7D6590B4-7DD3-FA69-623D-F5D8DA44A255}.Debug|Any CPU.ActiveCfg = Debug|Any CPU
		{7D6590B4-7DD3-FA69-623D-F5D8DA44A255}.Debug|Any CPU.Build.0 = Debug|Any CPU
		{7D6590B4-7DD3-FA69-623D-F5D8DA44A255}.Release|Any CPU.ActiveCfg = Release|Any CPU
		{7D6590B4-7DD3-FA69-623D-F5D8DA44A255}.Release|Any CPU.Build.0 = Release|Any CPU
		{FE09722A-2D19-50D1-6665-B0963CA97AD7}.Debug|Any CPU.ActiveCfg = Debug|Any CPU
		{FE09722A-2D19-50D1-6665-B0963CA97AD7}.Debug|Any CPU.Build.0 = Debug|Any CPU
		{FE09722A-2D19-50D1-6665-B0963CA97AD7}.Release|Any CPU.ActiveCfg = Release|Any CPU
		{FE09722A-2D19-50D1-6665-B0963CA97AD7}.Release|Any CPU.Build.0 = Release|Any CPU
		{58762A0E-B985-4185-3C2D-F401EE525982}.Debug|Any CPU.ActiveCfg = Debug|Any CPU
		{58762A0E-B985-4185-3C2D-F401EE525982}.Debug|Any CPU.Build.0 = Debug|Any CPU
		{58762A0E-B985-4185-3C2D-F401EE525982}.Release|Any CPU.ActiveCfg = Release|Any CPU
		{58762A0E-B985-4185-3C2D-F401EE525982}.Release|Any CPU.Build.0 = Release|Any CPU
		{276BCF2B-8CBA-0202-9416-1F47175F9224}.Debug|Any CPU.ActiveCfg = Debug|Any CPU
		{276BCF2B-8CBA-0202-9416-1F47175F9224}.Debug|Any CPU.Build.0 = Debug|Any CPU
		{276BCF2B-8CBA-0202-9416-1F47175F9224}.Release|Any CPU.ActiveCfg = Release|Any CPU
		{276BCF2B-8CBA-0202-9416-1F47175F9224}.Release|Any CPU.Build.0 = Release|Any CPU
		{3303351A-5165-65DE-8CC8-BE8944C0970E}.Debug|Any CPU.ActiveCfg = Debug|Any CPU
		{3303351A-5165-65DE-8CC8-BE8944C0970E}.Debug|Any CPU.Build.0 = Debug|Any CPU
		{3303351A-5165-65DE-8CC8-BE8944C0970E}.Release|Any CPU.ActiveCfg = Release|Any CPU
		{3303351A-5165-65DE-8CC8-BE8944C0970E}.Release|Any CPU.Build.0 = Release|Any CPU
		{82A9E607-DF9D-9758-C564-03DFB0AA03BA}.Debug|Any CPU.ActiveCfg = Debug|Any CPU
		{82A9E607-DF9D-9758-C564-03DFB0AA03BA}.Debug|Any CPU.Build.0 = Debug|Any CPU
		{82A9E607-DF9D-9758-C564-03DFB0AA03BA}.Release|Any CPU.ActiveCfg = Release|Any CPU
		{82A9E607-DF9D-9758-C564-03DFB0AA03BA}.Release|Any CPU.Build.0 = Release|Any CPU
	EndGlobalSection
	GlobalSection(SolutionProperties) = preSolution
		HideSolutionNode = FALSE
	EndGlobalSection
EndGlobal
